
Microsoft Visual Studio Solution File, Format Version 12.00
# Visual Studio Version 17
VisualStudioVersion = 17.10.34928.147
MinimumVisualStudioVersion = 10.0.40219.1
Project("{FAE04EC0-301F-11D3-BF4B-00C04F79EFBC}") = "Projects", "Projects\Projects.csproj", "{54636D48-370A-4E86-875B-B51F5BE4B30A}"
EndProject
Global
	GlobalSection(SolutionConfigurationPlatforms) = preSolution
		Debug|Any CPU = Debug|Any CPU
		Release|Any CPU = Release|Any CPU
	EndGlobalSection
	GlobalSection(ProjectConfigurationPlatforms) = postSolution
		{54636D48-370A-4E86-875B-B51F5BE4B30A}.Debug|Any CPU.ActiveCfg = Debug|Any CPU
		{54636D48-370A-4E86-875B-B51F5BE4B30A}.Debug|Any CPU.Build.0 = Debug|Any CPU
		{54636D48-370A-4E86-875B-B51F5BE4B30A}.Release|Any CPU.ActiveCfg = Release|Any CPU
		{54636D48-370A-4E86-875B-B51F5BE4B30A}.Release|Any CPU.Build.0 = Release|Any CPU
	EndGlobalSection
	GlobalSection(SolutionProperties) = preSolution
		HideSolutionNode = FALSE
	EndGlobalSection
	GlobalSection(ExtensibilityGlobals) = postSolution
		SolutionGuid = {04ECF870-056E-44AD-A808-F47B440414B2}
	EndGlobalSection
EndGlobal
